// !$*UTF8*$!
{
	archiveVersion = 1;
	classes = {
	};
	objectVersion = 46;
	objects = {

/* Begin PBXBuildFile section */
		995C834A1A62C9AF00CCD40C /* SimpleMQTTClient.h in Headers */ = {isa = PBXBuildFile; fileRef = 995C83491A62C9AF00CCD40C /* SimpleMQTTClient.h */; settings = {ATTRIBUTES = (Public, ); }; };
		995C83501A62C9AF00CCD40C /* SimpleMQTTClient.framework in Frameworks */ = {isa = PBXBuildFile; fileRef = 995C83441A62C9AF00CCD40C /* SimpleMQTTClient.framework */; };
		995C83571A62C9AF00CCD40C /* SimpleMQTTClientTests.swift in Sources */ = {isa = PBXBuildFile; fileRef = 995C83561A62C9AF00CCD40C /* SimpleMQTTClientTests.swift */; };
		995C83D11A62CF7D00CCD40C /* MQTTClient.h in Headers */ = {isa = PBXBuildFile; fileRef = 995C83C01A62CF7D00CCD40C /* MQTTClient.h */; settings = {ATTRIBUTES = (Public, ); }; };
		995C83D21A62CF7D00CCD40C /* MQTTDecoder.h in Headers */ = {isa = PBXBuildFile; fileRef = 995C83C11A62CF7D00CCD40C /* MQTTDecoder.h */; settings = {ATTRIBUTES = (Public, ); }; };
		995C83D41A62CF7D00CCD40C /* MQTTEncoder.h in Headers */ = {isa = PBXBuildFile; fileRef = 995C83C31A62CF7D00CCD40C /* MQTTEncoder.h */; settings = {ATTRIBUTES = (Public, ); }; };
		995C83D61A62CF7D00CCD40C /* MQTTMessage.h in Headers */ = {isa = PBXBuildFile; fileRef = 995C83C51A62CF7D00CCD40C /* MQTTMessage.h */; settings = {ATTRIBUTES = (Public, ); }; };
		995C83D81A62CF7D00CCD40C /* MQTTSession.h in Headers */ = {isa = PBXBuildFile; fileRef = 995C83C71A62CF7D00CCD40C /* MQTTSession.h */; settings = {ATTRIBUTES = (Public, ); }; };
		995C83DA1A62CF7D00CCD40C /* MQTTSessionManager.h in Headers */ = {isa = PBXBuildFile; fileRef = 995C83C91A62CF7D00CCD40C /* MQTTSessionManager.h */; settings = {ATTRIBUTES = (Public, ); }; };
		995C83DC1A62CF7D00CCD40C /* MQTTTxFlow.h in Headers */ = {isa = PBXBuildFile; fileRef = 995C83CB1A62CF7D00CCD40C /* MQTTTxFlow.h */; settings = {ATTRIBUTES = (Public, ); }; };
		9993E1581A634C0B00FA5954 /* SimpleMQTTClient.swift in Sources */ = {isa = PBXBuildFile; fileRef = 995C83CD1A62CF7D00CCD40C /* SimpleMQTTClient.swift */; };
		9993E1591A634C2A00FA5954 /* MQTTDecoder.m in Sources */ = {isa = PBXBuildFile; fileRef = 995C83C21A62CF7D00CCD40C /* MQTTDecoder.m */; };
		9993E15A1A634C2A00FA5954 /* MQTTEncoder.m in Sources */ = {isa = PBXBuildFile; fileRef = 995C83C41A62CF7D00CCD40C /* MQTTEncoder.m */; };
		9993E15B1A634C2A00FA5954 /* MQTTMessage.m in Sources */ = {isa = PBXBuildFile; fileRef = 995C83C61A62CF7D00CCD40C /* MQTTMessage.m */; };
		9993E15C1A634C2A00FA5954 /* MQTTSession.m in Sources */ = {isa = PBXBuildFile; fileRef = 995C83C81A62CF7D00CCD40C /* MQTTSession.m */; };
		9993E15D1A634C2A00FA5954 /* MQTTTxFlow.m in Sources */ = {isa = PBXBuildFile; fileRef = 995C83CC1A62CF7D00CCD40C /* MQTTTxFlow.m */; };
		9993E1AC1A634F8300FA5954 /* Cocoa.framework in Frameworks */ = {isa = PBXBuildFile; fileRef = 9993E1AB1A634F8300FA5954 /* Cocoa.framework */; };
		99E297FA1A635A0B006F0EB7 /* SimpleMQTTClientDelegate.swift in Sources */ = {isa = PBXBuildFile; fileRef = 99E297F81A635A0B006F0EB7 /* SimpleMQTTClientDelegate.swift */; };
		99E297FB1A635A0B006F0EB7 /* String.swift in Sources */ = {isa = PBXBuildFile; fileRef = 99E297F91A635A0B006F0EB7 /* String.swift */; };
/* End PBXBuildFile section */

/* Begin PBXContainerItemProxy section */
		995C83511A62C9AF00CCD40C /* PBXContainerItemProxy */ = {
			isa = PBXContainerItemProxy;
			containerPortal = 995C833B1A62C9AF00CCD40C /* Project object */;
			proxyType = 1;
			remoteGlobalIDString = 995C83431A62C9AF00CCD40C;
			remoteInfo = SimpleMQTTClient;
		};
/* End PBXContainerItemProxy section */

/* Begin PBXFileReference section */
		995C83441A62C9AF00CCD40C /* SimpleMQTTClient.framework */ = {isa = PBXFileReference; explicitFileType = wrapper.framework; includeInIndex = 0; path = SimpleMQTTClient.framework; sourceTree = BUILT_PRODUCTS_DIR; };
		995C83481A62C9AF00CCD40C /* Info.plist */ = {isa = PBXFileReference; lastKnownFileType = text.plist.xml; path = Info.plist; sourceTree = "<group>"; };
		995C83491A62C9AF00CCD40C /* SimpleMQTTClient.h */ = {isa = PBXFileReference; lastKnownFileType = sourcecode.c.h; path = SimpleMQTTClient.h; sourceTree = "<group>"; };
		995C834F1A62C9AF00CCD40C /* SimpleMQTTClientTests.xctest */ = {isa = PBXFileReference; explicitFileType = wrapper.cfbundle; includeInIndex = 0; path = SimpleMQTTClientTests.xctest; sourceTree = BUILT_PRODUCTS_DIR; };
		995C83551A62C9AF00CCD40C /* Info.plist */ = {isa = PBXFileReference; lastKnownFileType = text.plist.xml; path = Info.plist; sourceTree = "<group>"; };
		995C83561A62C9AF00CCD40C /* SimpleMQTTClientTests.swift */ = {isa = PBXFileReference; lastKnownFileType = sourcecode.swift; path = SimpleMQTTClientTests.swift; sourceTree = "<group>"; };
		995C83C01A62CF7D00CCD40C /* MQTTClient.h */ = {isa = PBXFileReference; fileEncoding = 4; lastKnownFileType = sourcecode.c.h; path = MQTTClient.h; sourceTree = "<group>"; };
		995C83C11A62CF7D00CCD40C /* MQTTDecoder.h */ = {isa = PBXFileReference; fileEncoding = 4; lastKnownFileType = sourcecode.c.h; path = MQTTDecoder.h; sourceTree = "<group>"; };
		995C83C21A62CF7D00CCD40C /* MQTTDecoder.m */ = {isa = PBXFileReference; fileEncoding = 4; lastKnownFileType = sourcecode.c.objc; path = MQTTDecoder.m; sourceTree = "<group>"; };
		995C83C31A62CF7D00CCD40C /* MQTTEncoder.h */ = {isa = PBXFileReference; fileEncoding = 4; lastKnownFileType = sourcecode.c.h; path = MQTTEncoder.h; sourceTree = "<group>"; };
		995C83C41A62CF7D00CCD40C /* MQTTEncoder.m */ = {isa = PBXFileReference; fileEncoding = 4; lastKnownFileType = sourcecode.c.objc; path = MQTTEncoder.m; sourceTree = "<group>"; };
		995C83C51A62CF7D00CCD40C /* MQTTMessage.h */ = {isa = PBXFileReference; fileEncoding = 4; lastKnownFileType = sourcecode.c.h; path = MQTTMessage.h; sourceTree = "<group>"; };
		995C83C61A62CF7D00CCD40C /* MQTTMessage.m */ = {isa = PBXFileReference; fileEncoding = 4; lastKnownFileType = sourcecode.c.objc; path = MQTTMessage.m; sourceTree = "<group>"; };
		995C83C71A62CF7D00CCD40C /* MQTTSession.h */ = {isa = PBXFileReference; fileEncoding = 4; lastKnownFileType = sourcecode.c.h; path = MQTTSession.h; sourceTree = "<group>"; };
		995C83C81A62CF7D00CCD40C /* MQTTSession.m */ = {isa = PBXFileReference; fileEncoding = 4; lastKnownFileType = sourcecode.c.objc; path = MQTTSession.m; sourceTree = "<group>"; };
		995C83C91A62CF7D00CCD40C /* MQTTSessionManager.h */ = {isa = PBXFileReference; fileEncoding = 4; lastKnownFileType = sourcecode.c.h; path = MQTTSessionManager.h; sourceTree = "<group>"; };
		995C83CA1A62CF7D00CCD40C /* MQTTSessionManager.m */ = {isa = PBXFileReference; fileEncoding = 4; lastKnownFileType = sourcecode.c.objc; path = MQTTSessionManager.m; sourceTree = "<group>"; };
		995C83CB1A62CF7D00CCD40C /* MQTTTxFlow.h */ = {isa = PBXFileReference; fileEncoding = 4; lastKnownFileType = sourcecode.c.h; path = MQTTTxFlow.h; sourceTree = "<group>"; };
		995C83CC1A62CF7D00CCD40C /* MQTTTxFlow.m */ = {isa = PBXFileReference; fileEncoding = 4; lastKnownFileType = sourcecode.c.objc; path = MQTTTxFlow.m; sourceTree = "<group>"; };
		995C83CD1A62CF7D00CCD40C /* SimpleMQTTClient.swift */ = {isa = PBXFileReference; fileEncoding = 4; lastKnownFileType = sourcecode.swift; path = SimpleMQTTClient.swift; sourceTree = "<group>"; };
		9993E1AB1A634F8300FA5954 /* Cocoa.framework */ = {isa = PBXFileReference; lastKnownFileType = wrapper.framework; name = Cocoa.framework; path = System/Library/Frameworks/Cocoa.framework; sourceTree = SDKROOT; };
		99E297F81A635A0B006F0EB7 /* SimpleMQTTClientDelegate.swift */ = {isa = PBXFileReference; fileEncoding = 4; lastKnownFileType = sourcecode.swift; path = SimpleMQTTClientDelegate.swift; sourceTree = "<group>"; };
		99E297F91A635A0B006F0EB7 /* String.swift */ = {isa = PBXFileReference; fileEncoding = 4; lastKnownFileType = sourcecode.swift; path = String.swift; sourceTree = "<group>"; };
/* End PBXFileReference section */

/* Begin PBXFrameworksBuildPhase section */
		995C83401A62C9AF00CCD40C /* Frameworks */ = {
			isa = PBXFrameworksBuildPhase;
			buildActionMask = 2147483647;
			files = (
				9993E1AC1A634F8300FA5954 /* Cocoa.framework in Frameworks */,
			);
			runOnlyForDeploymentPostprocessing = 0;
		};
		995C834C1A62C9AF00CCD40C /* Frameworks */ = {
			isa = PBXFrameworksBuildPhase;
			buildActionMask = 2147483647;
			files = (
				995C83501A62C9AF00CCD40C /* SimpleMQTTClient.framework in Frameworks */,
			);
			runOnlyForDeploymentPostprocessing = 0;
		};
/* End PBXFrameworksBuildPhase section */

/* Begin PBXGroup section */
		995C833A1A62C9AF00CCD40C = {
			isa = PBXGroup;
			children = (
				9993E1AB1A634F8300FA5954 /* Cocoa.framework */,
				995C83BC1A62CF7D00CCD40C /* Common */,
				995C83461A62C9AF00CCD40C /* SimpleMQTTClient */,
				995C83531A62C9AF00CCD40C /* SimpleMQTTClientTests */,
				995C83451A62C9AF00CCD40C /* Products */,
			);
			sourceTree = "<group>";
		};
		995C83451A62C9AF00CCD40C /* Products */ = {
			isa = PBXGroup;
			children = (
				995C83441A62C9AF00CCD40C /* SimpleMQTTClient.framework */,
				995C834F1A62C9AF00CCD40C /* SimpleMQTTClientTests.xctest */,
			);
			name = Products;
			sourceTree = "<group>";
		};
		995C83461A62C9AF00CCD40C /* SimpleMQTTClient */ = {
			isa = PBXGroup;
			children = (
				995C83491A62C9AF00CCD40C /* SimpleMQTTClient.h */,
				995C83471A62C9AF00CCD40C /* Supporting Files */,
			);
			path = SimpleMQTTClient;
			sourceTree = "<group>";
		};
		995C83471A62C9AF00CCD40C /* Supporting Files */ = {
			isa = PBXGroup;
			children = (
				995C83481A62C9AF00CCD40C /* Info.plist */,
			);
			name = "Supporting Files";
			sourceTree = "<group>";
		};
		995C83531A62C9AF00CCD40C /* SimpleMQTTClientTests */ = {
			isa = PBXGroup;
			children = (
				995C83561A62C9AF00CCD40C /* SimpleMQTTClientTests.swift */,
				995C83541A62C9AF00CCD40C /* Supporting Files */,
			);
			path = SimpleMQTTClientTests;
			sourceTree = "<group>";
		};
		995C83541A62C9AF00CCD40C /* Supporting Files */ = {
			isa = PBXGroup;
			children = (
				995C83551A62C9AF00CCD40C /* Info.plist */,
			);
			name = "Supporting Files";
			sourceTree = "<group>";
		};
		995C83BC1A62CF7D00CCD40C /* Common */ = {
			isa = PBXGroup;
			children = (
				995C83C01A62CF7D00CCD40C /* MQTTClient.h */,
				995C83C11A62CF7D00CCD40C /* MQTTDecoder.h */,
				995C83C21A62CF7D00CCD40C /* MQTTDecoder.m */,
				995C83C31A62CF7D00CCD40C /* MQTTEncoder.h */,
				995C83C41A62CF7D00CCD40C /* MQTTEncoder.m */,
				995C83C51A62CF7D00CCD40C /* MQTTMessage.h */,
				995C83C61A62CF7D00CCD40C /* MQTTMessage.m */,
				995C83C71A62CF7D00CCD40C /* MQTTSession.h */,
				995C83C81A62CF7D00CCD40C /* MQTTSession.m */,
				995C83C91A62CF7D00CCD40C /* MQTTSessionManager.h */,
				995C83CA1A62CF7D00CCD40C /* MQTTSessionManager.m */,
				995C83CB1A62CF7D00CCD40C /* MQTTTxFlow.h */,
				995C83CC1A62CF7D00CCD40C /* MQTTTxFlow.m */,
				995C83CD1A62CF7D00CCD40C /* SimpleMQTTClient.swift */,
				99E297F81A635A0B006F0EB7 /* SimpleMQTTClientDelegate.swift */,
				99E297F91A635A0B006F0EB7 /* String.swift */,
			);
			name = Common;
			path = ../../Common;
			sourceTree = "<group>";
		};
/* End PBXGroup section */

/* Begin PBXHeadersBuildPhase section */
		995C83411A62C9AF00CCD40C /* Headers */ = {
			isa = PBXHeadersBuildPhase;
			buildActionMask = 2147483647;
			files = (
				995C83D61A62CF7D00CCD40C /* MQTTMessage.h in Headers */,
				995C83DC1A62CF7D00CCD40C /* MQTTTxFlow.h in Headers */,
				995C83D11A62CF7D00CCD40C /* MQTTClient.h in Headers */,
				995C83D81A62CF7D00CCD40C /* MQTTSession.h in Headers */,
				995C83D41A62CF7D00CCD40C /* MQTTEncoder.h in Headers */,
				995C834A1A62C9AF00CCD40C /* SimpleMQTTClient.h in Headers */,
				995C83D21A62CF7D00CCD40C /* MQTTDecoder.h in Headers */,
				995C83DA1A62CF7D00CCD40C /* MQTTSessionManager.h in Headers */,
			);
			runOnlyForDeploymentPostprocessing = 0;
		};
/* End PBXHeadersBuildPhase section */

/* Begin PBXNativeTarget section */
		995C83431A62C9AF00CCD40C /* SimpleMQTTClient */ = {
			isa = PBXNativeTarget;
			buildConfigurationList = 995C835A1A62C9AF00CCD40C /* Build configuration list for PBXNativeTarget "SimpleMQTTClient" */;
			buildPhases = (
				995C833F1A62C9AF00CCD40C /* Sources */,
				995C83401A62C9AF00CCD40C /* Frameworks */,
				995C83411A62C9AF00CCD40C /* Headers */,
				995C83421A62C9AF00CCD40C /* Resources */,
			);
			buildRules = (
			);
			dependencies = (
			);
			name = SimpleMQTTClient;
			productName = SimpleMQTTClient;
			productReference = 995C83441A62C9AF00CCD40C /* SimpleMQTTClient.framework */;
			productType = "com.apple.product-type.framework";
		};
		995C834E1A62C9AF00CCD40C /* SimpleMQTTClientTests */ = {
			isa = PBXNativeTarget;
			buildConfigurationList = 995C835D1A62C9AF00CCD40C /* Build configuration list for PBXNativeTarget "SimpleMQTTClientTests" */;
			buildPhases = (
				995C834B1A62C9AF00CCD40C /* Sources */,
				995C834C1A62C9AF00CCD40C /* Frameworks */,
				995C834D1A62C9AF00CCD40C /* Resources */,
			);
			buildRules = (
			);
			dependencies = (
				995C83521A62C9AF00CCD40C /* PBXTargetDependency */,
			);
			name = SimpleMQTTClientTests;
			productName = SimpleMQTTClientTests;
			productReference = 995C834F1A62C9AF00CCD40C /* SimpleMQTTClientTests.xctest */;
			productType = "com.apple.product-type.bundle.unit-test";
		};
/* End PBXNativeTarget section */

/* Begin PBXProject section */
		995C833B1A62C9AF00CCD40C /* Project object */ = {
			isa = PBXProject;
			attributes = {
				LastUpgradeCheck = 0610;
				ORGANIZATIONNAME = "Gianluca Venturini";
				TargetAttributes = {
					995C83431A62C9AF00CCD40C = {
						CreatedOnToolsVersion = 6.1.1;
					};
					995C834E1A62C9AF00CCD40C = {
						CreatedOnToolsVersion = 6.1.1;
					};
				};
			};
			buildConfigurationList = 995C833E1A62C9AF00CCD40C /* Build configuration list for PBXProject "SimpleMQTTClient" */;
			compatibilityVersion = "Xcode 3.2";
			developmentRegion = English;
			hasScannedForEncodings = 0;
			knownRegions = (
				en,
			);
			mainGroup = 995C833A1A62C9AF00CCD40C;
			productRefGroup = 995C83451A62C9AF00CCD40C /* Products */;
			projectDirPath = "";
			projectRoot = "";
			targets = (
				995C83431A62C9AF00CCD40C /* SimpleMQTTClient */,
				995C834E1A62C9AF00CCD40C /* SimpleMQTTClientTests */,
			);
		};
/* End PBXProject section */

/* Begin PBXResourcesBuildPhase section */
		995C83421A62C9AF00CCD40C /* Resources */ = {
			isa = PBXResourcesBuildPhase;
			buildActionMask = 2147483647;
			files = (
			);
			runOnlyForDeploymentPostprocessing = 0;
		};
		995C834D1A62C9AF00CCD40C /* Resources */ = {
			isa = PBXResourcesBuildPhase;
			buildActionMask = 2147483647;
			files = (
			);
			runOnlyForDeploymentPostprocessing = 0;
		};
/* End PBXResourcesBuildPhase section */

/* Begin PBXSourcesBuildPhase section */
		995C833F1A62C9AF00CCD40C /* Sources */ = {
			isa = PBXSourcesBuildPhase;
			buildActionMask = 2147483647;
			files = (
				9993E1591A634C2A00FA5954 /* MQTTDecoder.m in Sources */,
				9993E15A1A634C2A00FA5954 /* MQTTEncoder.m in Sources */,
				99E297FA1A635A0B006F0EB7 /* SimpleMQTTClientDelegate.swift in Sources */,
				9993E15B1A634C2A00FA5954 /* MQTTMessage.m in Sources */,
				9993E15C1A634C2A00FA5954 /* MQTTSession.m in Sources */,
				9993E15D1A634C2A00FA5954 /* MQTTTxFlow.m in Sources */,
				99E297FB1A635A0B006F0EB7 /* String.swift in Sources */,
				9993E1581A634C0B00FA5954 /* SimpleMQTTClient.swift in Sources */,
			);
			runOnlyForDeploymentPostprocessing = 0;
		};
		995C834B1A62C9AF00CCD40C /* Sources */ = {
			isa = PBXSourcesBuildPhase;
			buildActionMask = 2147483647;
			files = (
				995C83571A62C9AF00CCD40C /* SimpleMQTTClientTests.swift in Sources */,
			);
			runOnlyForDeploymentPostprocessing = 0;
		};
/* End PBXSourcesBuildPhase section */

/* Begin PBXTargetDependency section */
		995C83521A62C9AF00CCD40C /* PBXTargetDependency */ = {
			isa = PBXTargetDependency;
			target = 995C83431A62C9AF00CCD40C /* SimpleMQTTClient */;
			targetProxy = 995C83511A62C9AF00CCD40C /* PBXContainerItemProxy */;
		};
/* End PBXTargetDependency section */

/* Begin XCBuildConfiguration section */
		995C83581A62C9AF00CCD40C /* Debug */ = {
			isa = XCBuildConfiguration;
			buildSettings = {
				ALWAYS_SEARCH_USER_PATHS = NO;
				CLANG_CXX_LANGUAGE_STANDARD = "gnu++0x";
				CLANG_CXX_LIBRARY = "libc++";
				CLANG_ENABLE_MODULES = YES;
				CLANG_ENABLE_OBJC_ARC = YES;
				CLANG_WARN_BOOL_CONVERSION = YES;
				CLANG_WARN_CONSTANT_CONVERSION = YES;
				CLANG_WARN_DIRECT_OBJC_ISA_USAGE = YES_ERROR;
				CLANG_WARN_EMPTY_BODY = YES;
				CLANG_WARN_ENUM_CONVERSION = YES;
				CLANG_WARN_INT_CONVERSION = YES;
				CLANG_WARN_OBJC_ROOT_CLASS = YES_ERROR;
				CLANG_WARN_UNREACHABLE_CODE = YES;
				CLANG_WARN__DUPLICATE_METHOD_MATCH = YES;
				COPY_PHASE_STRIP = NO;
				CURRENT_PROJECT_VERSION = 1;
				ENABLE_STRICT_OBJC_MSGSEND = YES;
				GCC_C_LANGUAGE_STANDARD = gnu99;
				GCC_DYNAMIC_NO_PIC = NO;
				GCC_OPTIMIZATION_LEVEL = 0;
				GCC_PREPROCESSOR_DEFINITIONS = (
					"DEBUG=1",
					"$(inherited)",
				);
				GCC_SYMBOLS_PRIVATE_EXTERN = NO;
				GCC_WARN_64_TO_32_BIT_CONVERSION = YES;
				GCC_WARN_ABOUT_RETURN_TYPE = YES_ERROR;
				GCC_WARN_UNDECLARED_SELECTOR = YES;
				GCC_WARN_UNINITIALIZED_AUTOS = YES_AGGRESSIVE;
				GCC_WARN_UNUSED_FUNCTION = YES;
				GCC_WARN_UNUSED_VARIABLE = YES;
				MACOSX_DEPLOYMENT_TARGET = 10.10;
				MTL_ENABLE_DEBUG_INFO = YES;
				ONLY_ACTIVE_ARCH = YES;
				SDKROOT = macosx;
				SWIFT_OPTIMIZATION_LEVEL = "-Onone";
				VERSIONING_SYSTEM = "apple-generic";
				VERSION_INFO_PREFIX = "";
			};
			name = Debug;
		};
		995C83591A62C9AF00CCD40C /* Release */ = {
			isa = XCBuildConfiguration;
			buildSettings = {
				ALWAYS_SEARCH_USER_PATHS = NO;
				CLANG_CXX_LANGUAGE_STANDARD = "gnu++0x";
				CLANG_CXX_LIBRARY = "libc++";
				CLANG_ENABLE_MODULES = YES;
				CLANG_ENABLE_OBJC_ARC = YES;
				CLANG_WARN_BOOL_CONVERSION = YES;
				CLANG_WARN_CONSTANT_CONVERSION = YES;
				CLANG_WARN_DIRECT_OBJC_ISA_USAGE = YES_ERROR;
				CLANG_WARN_EMPTY_BODY = YES;
				CLANG_WARN_ENUM_CONVERSION = YES;
				CLANG_WARN_INT_CONVERSION = YES;
				CLANG_WARN_OBJC_ROOT_CLASS = YES_ERROR;
				CLANG_WARN_UNREACHABLE_CODE = YES;
				CLANG_WARN__DUPLICATE_METHOD_MATCH = YES;
				COPY_PHASE_STRIP = YES;
				CURRENT_PROJECT_VERSION = 1;
				DEBUG_INFORMATION_FORMAT = "dwarf-with-dsym";
				ENABLE_NS_ASSERTIONS = NO;
				ENABLE_STRICT_OBJC_MSGSEND = YES;
				GCC_C_LANGUAGE_STANDARD = gnu99;
				GCC_WARN_64_TO_32_BIT_CONVERSION = YES;
				GCC_WARN_ABOUT_RETURN_TYPE = YES_ERROR;
				GCC_WARN_UNDECLARED_SELECTOR = YES;
				GCC_WARN_UNINITIALIZED_AUTOS = YES_AGGRESSIVE;
				GCC_WARN_UNUSED_FUNCTION = YES;
				GCC_WARN_UNUSED_VARIABLE = YES;
				MACOSX_DEPLOYMENT_TARGET = 10.10;
				MTL_ENABLE_DEBUG_INFO = NO;
				SDKROOT = macosx;
				VERSIONING_SYSTEM = "apple-generic";
				VERSION_INFO_PREFIX = "";
			};
			name = Release;
		};
		995C835B1A62C9AF00CCD40C /* Debug */ = {
			isa = XCBuildConfiguration;
			buildSettings = {
				CLANG_ALLOW_NON_MODULAR_INCLUDES_IN_FRAMEWORK_MODULES = NO;
				COMBINE_HIDPI_IMAGES = YES;
				DEFINES_MODULE = YES;
				DYLIB_COMPATIBILITY_VERSION = 1;
				DYLIB_CURRENT_VERSION = 1;
				DYLIB_INSTALL_NAME_BASE = "@rpath";
				EMBEDDED_CONTENT_CONTAINS_SWIFT = NO;
				FRAMEWORK_VERSION = A;
				INFOPLIST_FILE = SimpleMQTTClient/Info.plist;
				INSTALL_PATH = "$(LOCAL_LIBRARY_DIR)/Frameworks";
				LD_RUNPATH_SEARCH_PATHS = "$(inherited) @executable_path/../Frameworks @loader_path/Frameworks";
				PRODUCT_NAME = "$(TARGET_NAME)";
				SKIP_INSTALL = YES;
				SWIFT_OBJC_BRIDGING_HEADER = "";
			};
			name = Debug;
		};
		995C835C1A62C9AF00CCD40C /* Release */ = {
			isa = XCBuildConfiguration;
			buildSettings = {
				CLANG_ALLOW_NON_MODULAR_INCLUDES_IN_FRAMEWORK_MODULES = NO;
				COMBINE_HIDPI_IMAGES = YES;
				DEFINES_MODULE = YES;
				DYLIB_COMPATIBILITY_VERSION = 1;
				DYLIB_CURRENT_VERSION = 1;
				DYLIB_INSTALL_NAME_BASE = "@rpath";
				EMBEDDED_CONTENT_CONTAINS_SWIFT = NO;
				FRAMEWORK_VERSION = A;
				INFOPLIST_FILE = SimpleMQTTClient/Info.plist;
				INSTALL_PATH = "$(LOCAL_LIBRARY_DIR)/Frameworks";
				LD_RUNPATH_SEARCH_PATHS = "$(inherited) @executable_path/../Frameworks @loader_path/Frameworks";
				PRODUCT_NAME = "$(TARGET_NAME)";
				SKIP_INSTALL = YES;
				SWIFT_OBJC_BRIDGING_HEADER = "";
			};
			name = Release;
		};
		995C835E1A62C9AF00CCD40C /* Debug */ = {
			isa = XCBuildConfiguration;
			buildSettings = {
				COMBINE_HIDPI_IMAGES = YES;
				FRAMEWORK_SEARCH_PATHS = (
					"$(DEVELOPER_FRAMEWORKS_DIR)",
					"$(inherited)",
				);
				GCC_PREPROCESSOR_DEFINITIONS = (
					"DEBUG=1",
					"$(inherited)",
				);
				INFOPLIST_FILE = SimpleMQTTClientTests/Info.plist;
				LD_RUNPATH_SEARCH_PATHS = "$(inherited) @executable_path/../Frameworks @loader_path/../Frameworks";
				PRODUCT_NAME = "$(TARGET_NAME)";
			};
			name = Debug;
		};
		995C835F1A62C9AF00CCD40C /* Release */ = {
			isa = XCBuildConfiguration;
			buildSettings = {
				COMBINE_HIDPI_IMAGES = YES;
				FRAMEWORK_SEARCH_PATHS = (
					"$(DEVELOPER_FRAMEWORKS_DIR)",
					"$(inherited)",
				);
				INFOPLIST_FILE = SimpleMQTTClientTests/Info.plist;
				LD_RUNPATH_SEARCH_PATHS = "$(inherited) @executable_path/../Frameworks @loader_path/../Frameworks";
				PRODUCT_NAME = "$(TARGET_NAME)";
			};
			name = Release;
		};
/* End XCBuildConfiguration section */

/* Begin XCConfigurationList section */
		995C833E1A62C9AF00CCD40C /* Build configuration list for PBXProject "SimpleMQTTClient" */ = {
			isa = XCConfigurationList;
			buildConfigurations = (
				995C83581A62C9AF00CCD40C /* Debug */,
				995C83591A62C9AF00CCD40C /* Release */,
			);
			defaultConfigurationIsVisible = 0;
			defaultConfigurationName = Release;
		};
		995C835A1A62C9AF00CCD40C /* Build configuration list for PBXNativeTarget "SimpleMQTTClient" */ = {
			isa = XCConfigurationList;
			buildConfigurations = (
				995C835B1A62C9AF00CCD40C /* Debug */,
				995C835C1A62C9AF00CCD40C /* Release */,
			);
			defaultConfigurationIsVisible = 0;
			defaultConfigurationName = Release;
		};
		995C835D1A62C9AF00CCD40C /* Build configuration list for PBXNativeTarget "SimpleMQTTClientTests" */ = {
			isa = XCConfigurationList;
			buildConfigurations = (
				995C835E1A62C9AF00CCD40C /* Debug */,
				995C835F1A62C9AF00CCD40C /* Release */,
			);
			defaultConfigurationIsVisible = 0;
			defaultConfigurationName = Release;
		};
/* End XCConfigurationList section */
	};
	rootObject = 995C833B1A62C9AF00CCD40C /* Project object */;
}
