// !$*UTF8*$!
{
	archiveVersion = 1;
	classes = {
	};
	objectVersion = 46;
	objects = {

/* Begin PBXBuildFile section */
		9957249A1A64818500609338 /* SimpleMQTTClient.framework in Frameworks */ = {isa = PBXBuildFile; fileRef = 995724991A64818500609338 /* SimpleMQTTClient.framework */; };
		99E297DA1A635752006F0EB7 /* AppDelegate.swift in Sources */ = {isa = PBXBuildFile; fileRef = 99E297D91A635752006F0EB7 /* AppDelegate.swift */; };
		99E297DC1A635752006F0EB7 /* ViewController.swift in Sources */ = {isa = PBXBuildFile; fileRef = 99E297DB1A635752006F0EB7 /* ViewController.swift */; };
		99E297DE1A635752006F0EB7 /* Images.xcassets in Resources */ = {isa = PBXBuildFile; fileRef = 99E297DD1A635752006F0EB7 /* Images.xcassets */; };
		99E297E11A635752006F0EB7 /* Main.storyboard in Resources */ = {isa = PBXBuildFile; fileRef = 99E297DF1A635752006F0EB7 /* Main.storyboard */; };
		99E297ED1A635752006F0EB7 /* SimpleMQTTClientGUITests.swift in Sources */ = {isa = PBXBuildFile; fileRef = 99E297EC1A635752006F0EB7 /* SimpleMQTTClientGUITests.swift */; };
/* End PBXBuildFile section */

/* Begin PBXContainerItemProxy section */
		99E297E71A635752006F0EB7 /* PBXContainerItemProxy */ = {
			isa = PBXContainerItemProxy;
			containerPortal = 99E297CC1A635752006F0EB7 /* Project object */;
			proxyType = 1;
			remoteGlobalIDString = 99E297D31A635752006F0EB7;
			remoteInfo = SimpleMQTTClientGUI;
		};
/* End PBXContainerItemProxy section */

/* Begin PBXFileReference section */
		995724991A64818500609338 /* SimpleMQTTClient.framework */ = {isa = PBXFileReference; lastKnownFileType = wrapper.framework; name = SimpleMQTTClient.framework; path = ../../Build/SimpleMQTTClientFramework/Build/Products/Debug/SimpleMQTTClient.framework; sourceTree = "<group>"; };
		99E297D41A635752006F0EB7 /* SimpleMQTTClientGUI.app */ = {isa = PBXFileReference; explicitFileType = wrapper.application; includeInIndex = 0; path = SimpleMQTTClientGUI.app; sourceTree = BUILT_PRODUCTS_DIR; };
		99E297D81A635752006F0EB7 /* Info.plist */ = {isa = PBXFileReference; lastKnownFileType = text.plist.xml; path = Info.plist; sourceTree = "<group>"; };
		99E297D91A635752006F0EB7 /* AppDelegate.swift */ = {isa = PBXFileReference; lastKnownFileType = sourcecode.swift; path = AppDelegate.swift; sourceTree = "<group>"; };
		99E297DB1A635752006F0EB7 /* ViewController.swift */ = {isa = PBXFileReference; lastKnownFileType = sourcecode.swift; path = ViewController.swift; sourceTree = "<group>"; };
		99E297DD1A635752006F0EB7 /* Images.xcassets */ = {isa = PBXFileReference; lastKnownFileType = folder.assetcatalog; path = Images.xcassets; sourceTree = "<group>"; };
		99E297E01A635752006F0EB7 /* Base */ = {isa = PBXFileReference; lastKnownFileType = file.storyboard; name = Base; path = Base.lproj/Main.storyboard; sourceTree = "<group>"; };
		99E297E61A635752006F0EB7 /* SimpleMQTTClientGUITests.xctest */ = {isa = PBXFileReference; explicitFileType = wrapper.cfbundle; includeInIndex = 0; path = SimpleMQTTClientGUITests.xctest; sourceTree = BUILT_PRODUCTS_DIR; };
		99E297EB1A635752006F0EB7 /* Info.plist */ = {isa = PBXFileReference; lastKnownFileType = text.plist.xml; path = Info.plist; sourceTree = "<group>"; };
		99E297EC1A635752006F0EB7 /* SimpleMQTTClientGUITests.swift */ = {isa = PBXFileReference; lastKnownFileType = sourcecode.swift; path = SimpleMQTTClientGUITests.swift; sourceTree = "<group>"; };
/* End PBXFileReference section */

/* Begin PBXFrameworksBuildPhase section */
		99E297D11A635752006F0EB7 /* Frameworks */ = {
			isa = PBXFrameworksBuildPhase;
			buildActionMask = 2147483647;
			files = (
				9957249A1A64818500609338 /* SimpleMQTTClient.framework in Frameworks */,
			);
			runOnlyForDeploymentPostprocessing = 0;
		};
		99E297E31A635752006F0EB7 /* Frameworks */ = {
			isa = PBXFrameworksBuildPhase;
			buildActionMask = 2147483647;
			files = (
			);
			runOnlyForDeploymentPostprocessing = 0;
		};
/* End PBXFrameworksBuildPhase section */

/* Begin PBXGroup section */
		99E297CB1A635752006F0EB7 = {
			isa = PBXGroup;
			children = (
				995724991A64818500609338 /* SimpleMQTTClient.framework */,
				99E297D61A635752006F0EB7 /* SimpleMQTTClientGUI */,
				99E297E91A635752006F0EB7 /* SimpleMQTTClientGUITests */,
				99E297D51A635752006F0EB7 /* Products */,
			);
			sourceTree = "<group>";
		};
		99E297D51A635752006F0EB7 /* Products */ = {
			isa = PBXGroup;
			children = (
				99E297D41A635752006F0EB7 /* SimpleMQTTClientGUI.app */,
				99E297E61A635752006F0EB7 /* SimpleMQTTClientGUITests.xctest */,
			);
			name = Products;
			sourceTree = "<group>";
		};
		99E297D61A635752006F0EB7 /* SimpleMQTTClientGUI */ = {
			isa = PBXGroup;
			children = (
				99E297D91A635752006F0EB7 /* AppDelegate.swift */,
				99E297DB1A635752006F0EB7 /* ViewController.swift */,
				99E297DD1A635752006F0EB7 /* Images.xcassets */,
				99E297DF1A635752006F0EB7 /* Main.storyboard */,
				99E297D71A635752006F0EB7 /* Supporting Files */,
			);
			path = SimpleMQTTClientGUI;
			sourceTree = "<group>";
		};
		99E297D71A635752006F0EB7 /* Supporting Files */ = {
			isa = PBXGroup;
			children = (
				99E297D81A635752006F0EB7 /* Info.plist */,
			);
			name = "Supporting Files";
			sourceTree = "<group>";
		};
		99E297E91A635752006F0EB7 /* SimpleMQTTClientGUITests */ = {
			isa = PBXGroup;
			children = (
				99E297EC1A635752006F0EB7 /* SimpleMQTTClientGUITests.swift */,
				99E297EA1A635752006F0EB7 /* Supporting Files */,
			);
			path = SimpleMQTTClientGUITests;
			sourceTree = "<group>";
		};
		99E297EA1A635752006F0EB7 /* Supporting Files */ = {
			isa = PBXGroup;
			children = (
				99E297EB1A635752006F0EB7 /* Info.plist */,
			);
			name = "Supporting Files";
			sourceTree = "<group>";
		};
/* End PBXGroup section */

/* Begin PBXNativeTarget section */
		99E297D31A635752006F0EB7 /* SimpleMQTTClientGUI */ = {
			isa = PBXNativeTarget;
			buildConfigurationList = 99E297F01A635752006F0EB7 /* Build configuration list for PBXNativeTarget "SimpleMQTTClientGUI" */;
			buildPhases = (
				99E297D01A635752006F0EB7 /* Sources */,
				99E297D11A635752006F0EB7 /* Frameworks */,
				99E297D21A635752006F0EB7 /* Resources */,
			);
			buildRules = (
			);
			dependencies = (
			);
			name = SimpleMQTTClientGUI;
			productName = SimpleMQTTClientGUI;
			productReference = 99E297D41A635752006F0EB7 /* SimpleMQTTClientGUI.app */;
			productType = "com.apple.product-type.application";
		};
		99E297E51A635752006F0EB7 /* SimpleMQTTClientGUITests */ = {
			isa = PBXNativeTarget;
			buildConfigurationList = 99E297F31A635752006F0EB7 /* Build configuration list for PBXNativeTarget "SimpleMQTTClientGUITests" */;
			buildPhases = (
				99E297E21A635752006F0EB7 /* Sources */,
				99E297E31A635752006F0EB7 /* Frameworks */,
				99E297E41A635752006F0EB7 /* Resources */,
			);
			buildRules = (
			);
			dependencies = (
				99E297E81A635752006F0EB7 /* PBXTargetDependency */,
			);
			name = SimpleMQTTClientGUITests;
			productName = SimpleMQTTClientGUITests;
			productReference = 99E297E61A635752006F0EB7 /* SimpleMQTTClientGUITests.xctest */;
			productType = "com.apple.product-type.bundle.unit-test";
		};
/* End PBXNativeTarget section */

/* Begin PBXProject section */
		99E297CC1A635752006F0EB7 /* Project object */ = {
			isa = PBXProject;
			attributes = {
				LastUpgradeCheck = 0610;
				ORGANIZATIONNAME = "Gianluca Venturini";
				TargetAttributes = {
					99E297D31A635752006F0EB7 = {
						CreatedOnToolsVersion = 6.1.1;
					};
					99E297E51A635752006F0EB7 = {
						CreatedOnToolsVersion = 6.1.1;
						TestTargetID = 99E297D31A635752006F0EB7;
					};
				};
			};
			buildConfigurationList = 99E297CF1A635752006F0EB7 /* Build configuration list for PBXProject "SimpleMQTTClientGUI" */;
			compatibilityVersion = "Xcode 3.2";
			developmentRegion = English;
			hasScannedForEncodings = 0;
			knownRegions = (
				en,
				Base,
			);
			mainGroup = 99E297CB1A635752006F0EB7;
			productRefGroup = 99E297D51A635752006F0EB7 /* Products */;
			projectDirPath = "";
			projectRoot = "";
			targets = (
				99E297D31A635752006F0EB7 /* SimpleMQTTClientGUI */,
				99E297E51A635752006F0EB7 /* SimpleMQTTClientGUITests */,
			);
		};
/* End PBXProject section */

/* Begin PBXResourcesBuildPhase section */
		99E297D21A635752006F0EB7 /* Resources */ = {
			isa = PBXResourcesBuildPhase;
			buildActionMask = 2147483647;
			files = (
				99E297DE1A635752006F0EB7 /* Images.xcassets in Resources */,
				99E297E11A635752006F0EB7 /* Main.storyboard in Resources */,
			);
			runOnlyForDeploymentPostprocessing = 0;
		};
		99E297E41A635752006F0EB7 /* Resources */ = {
			isa = PBXResourcesBuildPhase;
			buildActionMask = 2147483647;
			files = (
			);
			runOnlyForDeploymentPostprocessing = 0;
		};
/* End PBXResourcesBuildPhase section */

/* Begin PBXSourcesBuildPhase section */
		99E297D01A635752006F0EB7 /* Sources */ = {
			isa = PBXSourcesBuildPhase;
			buildActionMask = 2147483647;
			files = (
				99E297DC1A635752006F0EB7 /* ViewController.swift in Sources */,
				99E297DA1A635752006F0EB7 /* AppDelegate.swift in Sources */,
			);
			runOnlyForDeploymentPostprocessing = 0;
		};
		99E297E21A635752006F0EB7 /* Sources */ = {
			isa = PBXSourcesBuildPhase;
			buildActionMask = 2147483647;
			files = (
				99E297ED1A635752006F0EB7 /* SimpleMQTTClientGUITests.swift in Sources */,
			);
			runOnlyForDeploymentPostprocessing = 0;
		};
/* End PBXSourcesBuildPhase section */

/* Begin PBXTargetDependency section */
		99E297E81A635752006F0EB7 /* PBXTargetDependency */ = {
			isa = PBXTargetDependency;
			target = 99E297D31A635752006F0EB7 /* SimpleMQTTClientGUI */;
			targetProxy = 99E297E71A635752006F0EB7 /* PBXContainerItemProxy */;
		};
/* End PBXTargetDependency section */

/* Begin PBXVariantGroup section */
		99E297DF1A635752006F0EB7 /* Main.storyboard */ = {
			isa = PBXVariantGroup;
			children = (
				99E297E01A635752006F0EB7 /* Base */,
			);
			name = Main.storyboard;
			sourceTree = "<group>";
		};
/* End PBXVariantGroup section */

/* Begin XCBuildConfiguration section */
		99E297EE1A635752006F0EB7 /* Debug */ = {
			isa = XCBuildConfiguration;
			buildSettings = {
				ALWAYS_SEARCH_USER_PATHS = NO;
				CLANG_CXX_LANGUAGE_STANDARD = "gnu++0x";
				CLANG_CXX_LIBRARY = "libc++";
				CLANG_ENABLE_MODULES = YES;
				CLANG_ENABLE_OBJC_ARC = YES;
				CLANG_WARN_BOOL_CONVERSION = YES;
				CLANG_WARN_CONSTANT_CONVERSION = YES;
				CLANG_WARN_DIRECT_OBJC_ISA_USAGE = YES_ERROR;
				CLANG_WARN_EMPTY_BODY = YES;
				CLANG_WARN_ENUM_CONVERSION = YES;
				CLANG_WARN_INT_CONVERSION = YES;
				CLANG_WARN_OBJC_ROOT_CLASS = YES_ERROR;
				CLANG_WARN_UNREACHABLE_CODE = YES;
				CLANG_WARN__DUPLICATE_METHOD_MATCH = YES;
				CODE_SIGN_IDENTITY = "-";
				COPY_PHASE_STRIP = NO;
				ENABLE_STRICT_OBJC_MSGSEND = YES;
				GCC_C_LANGUAGE_STANDARD = gnu99;
				GCC_DYNAMIC_NO_PIC = NO;
				GCC_OPTIMIZATION_LEVEL = 0;
				GCC_PREPROCESSOR_DEFINITIONS = (
					"DEBUG=1",
					"$(inherited)",
				);
				GCC_SYMBOLS_PRIVATE_EXTERN = NO;
				GCC_WARN_64_TO_32_BIT_CONVERSION = YES;
				GCC_WARN_ABOUT_RETURN_TYPE = YES_ERROR;
				GCC_WARN_UNDECLARED_SELECTOR = YES;
				GCC_WARN_UNINITIALIZED_AUTOS = YES_AGGRESSIVE;
				GCC_WARN_UNUSED_FUNCTION = YES;
				GCC_WARN_UNUSED_VARIABLE = YES;
				MACOSX_DEPLOYMENT_TARGET = 10.10;
				MTL_ENABLE_DEBUG_INFO = YES;
				ONLY_ACTIVE_ARCH = YES;
				SDKROOT = macosx;
				SWIFT_OPTIMIZATION_LEVEL = "-Onone";
			};
			name = Debug;
		};
		99E297EF1A635752006F0EB7 /* Release */ = {
			isa = XCBuildConfiguration;
			buildSettings = {
				ALWAYS_SEARCH_USER_PATHS = NO;
				CLANG_CXX_LANGUAGE_STANDARD = "gnu++0x";
				CLANG_CXX_LIBRARY = "libc++";
				CLANG_ENABLE_MODULES = YES;
				CLANG_ENABLE_OBJC_ARC = YES;
				CLANG_WARN_BOOL_CONVERSION = YES;
				CLANG_WARN_CONSTANT_CONVERSION = YES;
				CLANG_WARN_DIRECT_OBJC_ISA_USAGE = YES_ERROR;
				CLANG_WARN_EMPTY_BODY = YES;
				CLANG_WARN_ENUM_CONVERSION = YES;
				CLANG_WARN_INT_CONVERSION = YES;
				CLANG_WARN_OBJC_ROOT_CLASS = YES_ERROR;
				CLANG_WARN_UNREACHABLE_CODE = YES;
				CLANG_WARN__DUPLICATE_METHOD_MATCH = YES;
				CODE_SIGN_IDENTITY = "-";
				COPY_PHASE_STRIP = YES;
				DEBUG_INFORMATION_FORMAT = "dwarf-with-dsym";
				ENABLE_NS_ASSERTIONS = NO;
				ENABLE_STRICT_OBJC_MSGSEND = YES;
				GCC_C_LANGUAGE_STANDARD = gnu99;
				GCC_WARN_64_TO_32_BIT_CONVERSION = YES;
				GCC_WARN_ABOUT_RETURN_TYPE = YES_ERROR;
				GCC_WARN_UNDECLARED_SELECTOR = YES;
				GCC_WARN_UNINITIALIZED_AUTOS = YES_AGGRESSIVE;
				GCC_WARN_UNUSED_FUNCTION = YES;
				GCC_WARN_UNUSED_VARIABLE = YES;
				MACOSX_DEPLOYMENT_TARGET = 10.10;
				MTL_ENABLE_DEBUG_INFO = NO;
				SDKROOT = macosx;
			};
			name = Release;
		};
		99E297F11A635752006F0EB7 /* Debug */ = {
			isa = XCBuildConfiguration;
			buildSettings = {
				ASSETCATALOG_COMPILER_APPICON_NAME = AppIcon;
				COMBINE_HIDPI_IMAGES = YES;
				EMBEDDED_CONTENT_CONTAINS_SWIFT = NO;
				FRAMEWORK_SEARCH_PATHS = (
					"$(inherited)",
					"$(USER_LIBRARY_DIR)/Developer/Xcode/DerivedData/SimpleMQTTClientFramework-euxzpcxizvxvrjalpatlprwdqdai/Build/Products/Debug",
					"/Users/gianluca/Developer/simple-swift-mqtt-client/Mac/SimpleMQTTClient/build/Release",
					"/Users/gianluca/Developer/simple-swift-mqtt-client/Mac/SimpleMQTTClient/build/Debug",
					"/Users/gianluca/Developer/simple-swift-mqtt-client/Build/SimpleMQTTClientFramework/Build/Products/Debug",
					"/Users/gianluca/Developer/simple-swift-mqtt-client/Build/SimpleMQTTClientFramework/Build/Products/Release",
				);
				INFOPLIST_FILE = SimpleMQTTClientGUI/Info.plist;
				LD_RUNPATH_SEARCH_PATHS = "$(inherited) @executable_path/../Frameworks";
				PRODUCT_NAME = "$(TARGET_NAME)";
			};
			name = Debug;
		};
		99E297F21A635752006F0EB7 /* Release */ = {
			isa = XCBuildConfiguration;
			buildSettings = {
				ASSETCATALOG_COMPILER_APPICON_NAME = AppIcon;
				COMBINE_HIDPI_IMAGES = YES;
				EMBEDDED_CONTENT_CONTAINS_SWIFT = NO;
				FRAMEWORK_SEARCH_PATHS = (
					"$(inherited)",
					"$(USER_LIBRARY_DIR)/Developer/Xcode/DerivedData/SimpleMQTTClientFramework-euxzpcxizvxvrjalpatlprwdqdai/Build/Products/Debug",
					"/Users/gianluca/Developer/simple-swift-mqtt-client/Mac/SimpleMQTTClient/build/Release",
					"/Users/gianluca/Developer/simple-swift-mqtt-client/Mac/SimpleMQTTClient/build/Debug",
					"/Users/gianluca/Developer/simple-swift-mqtt-client/Build/SimpleMQTTClientFramework/Build/Products/Debug",
					"/Users/gianluca/Developer/simple-swift-mqtt-client/Build/SimpleMQTTClientFramework/Build/Products/Release",
				);
				INFOPLIST_FILE = SimpleMQTTClientGUI/Info.plist;
				LD_RUNPATH_SEARCH_PATHS = "$(inherited) @executable_path/../Frameworks";
				PRODUCT_NAME = "$(TARGET_NAME)";
			};
			name = Release;
		};
		99E297F41A635752006F0EB7 /* Debug */ = {
			isa = XCBuildConfiguration;
			buildSettings = {
				BUNDLE_LOADER = "$(TEST_HOST)";
				COMBINE_HIDPI_IMAGES = YES;
				FRAMEWORK_SEARCH_PATHS = (
					"$(DEVELOPER_FRAMEWORKS_DIR)",
					"$(inherited)",
				);
				GCC_PREPROCESSOR_DEFINITIONS = (
					"DEBUG=1",
					"$(inherited)",
				);
				INFOPLIST_FILE = SimpleMQTTClientGUITests/Info.plist;
				LD_RUNPATH_SEARCH_PATHS = "$(inherited) @executable_path/../Frameworks @loader_path/../Frameworks";
				PRODUCT_NAME = "$(TARGET_NAME)";
				TEST_HOST = "$(BUILT_PRODUCTS_DIR)/SimpleMQTTClientGUI.app/Contents/MacOS/SimpleMQTTClientGUI";
			};
			name = Debug;
		};
		99E297F51A635752006F0EB7 /* Release */ = {
			isa = XCBuildConfiguration;
			buildSettings = {
				BUNDLE_LOADER = "$(TEST_HOST)";
				COMBINE_HIDPI_IMAGES = YES;
				FRAMEWORK_SEARCH_PATHS = (
					"$(DEVELOPER_FRAMEWORKS_DIR)",
					"$(inherited)",
				);
				INFOPLIST_FILE = SimpleMQTTClientGUITests/Info.plist;
				LD_RUNPATH_SEARCH_PATHS = "$(inherited) @executable_path/../Frameworks @loader_path/../Frameworks";
				PRODUCT_NAME = "$(TARGET_NAME)";
				TEST_HOST = "$(BUILT_PRODUCTS_DIR)/SimpleMQTTClientGUI.app/Contents/MacOS/SimpleMQTTClientGUI";
			};
			name = Release;
		};
/* End XCBuildConfiguration section */

/* Begin XCConfigurationList section */
		99E297CF1A635752006F0EB7 /* Build configuration list for PBXProject "SimpleMQTTClientGUI" */ = {
			isa = XCConfigurationList;
			buildConfigurations = (
				99E297EE1A635752006F0EB7 /* Debug */,
				99E297EF1A635752006F0EB7 /* Release */,
			);
			defaultConfigurationIsVisible = 0;
			defaultConfigurationName = Release;
		};
		99E297F01A635752006F0EB7 /* Build configuration list for PBXNativeTarget "SimpleMQTTClientGUI" */ = {
			isa = XCConfigurationList;
			buildConfigurations = (
				99E297F11A635752006F0EB7 /* Debug */,
				99E297F21A635752006F0EB7 /* Release */,
			);
			defaultConfigurationIsVisible = 0;
			defaultConfigurationName = Release;
		};
		99E297F31A635752006F0EB7 /* Build configuration list for PBXNativeTarget "SimpleMQTTClientGUITests" */ = {
			isa = XCConfigurationList;
			buildConfigurations = (
				99E297F41A635752006F0EB7 /* Debug */,
				99E297F51A635752006F0EB7 /* Release */,
			);
			defaultConfigurationIsVisible = 0;
			defaultConfigurationName = Release;
		};
/* End XCConfigurationList section */
	};
	rootObject = 99E297CC1A635752006F0EB7 /* Project object */;
}
