// !$*UTF8*$!
{
	archiveVersion = 1;
	classes = {
	};
	objectVersion = 46;
	objects = {

/* Begin PBXBuildFile section */
		9993E16D1A634EA200FA5954 /* AppDelegate.swift in Sources */ = {isa = PBXBuildFile; fileRef = 9993E16C1A634EA200FA5954 /* AppDelegate.swift */; };
		9993E16F1A634EA200FA5954 /* ViewController.swift in Sources */ = {isa = PBXBuildFile; fileRef = 9993E16E1A634EA200FA5954 /* ViewController.swift */; };
		9993E1721A634EA200FA5954 /* Main.storyboard in Resources */ = {isa = PBXBuildFile; fileRef = 9993E1701A634EA200FA5954 /* Main.storyboard */; };
		9993E1741A634EA200FA5954 /* Images.xcassets in Resources */ = {isa = PBXBuildFile; fileRef = 9993E1731A634EA200FA5954 /* Images.xcassets */; };
		9993E1771A634EA200FA5954 /* LaunchScreen.xib in Resources */ = {isa = PBXBuildFile; fileRef = 9993E1751A634EA200FA5954 /* LaunchScreen.xib */; };
		9993E1831A634EA200FA5954 /* SimpleMQTTClientMobileGUITests.swift in Sources */ = {isa = PBXBuildFile; fileRef = 9993E1821A634EA200FA5954 /* SimpleMQTTClientMobileGUITests.swift */; };
		999F53401A6D7D5C00E6E086 /* SimpleMQTTClient.framework in Frameworks */ = {isa = PBXBuildFile; fileRef = 999F533F1A6D7D5C00E6E086 /* SimpleMQTTClient.framework */; };
/* End PBXBuildFile section */

/* Begin PBXContainerItemProxy section */
		9993E17D1A634EA200FA5954 /* PBXContainerItemProxy */ = {
			isa = PBXContainerItemProxy;
			containerPortal = 9993E15F1A634EA200FA5954 /* Project object */;
			proxyType = 1;
			remoteGlobalIDString = 9993E1661A634EA200FA5954;
			remoteInfo = SimpleMQTTClientMobileGUI;
		};
/* End PBXContainerItemProxy section */

/* Begin PBXFileReference section */
		9993E1671A634EA200FA5954 /* SimpleMQTTClientMobileGUI.app */ = {isa = PBXFileReference; explicitFileType = wrapper.application; includeInIndex = 0; path = SimpleMQTTClientMobileGUI.app; sourceTree = BUILT_PRODUCTS_DIR; };
		9993E16B1A634EA200FA5954 /* Info.plist */ = {isa = PBXFileReference; lastKnownFileType = text.plist.xml; path = Info.plist; sourceTree = "<group>"; };
		9993E16C1A634EA200FA5954 /* AppDelegate.swift */ = {isa = PBXFileReference; lastKnownFileType = sourcecode.swift; path = AppDelegate.swift; sourceTree = "<group>"; };
		9993E16E1A634EA200FA5954 /* ViewController.swift */ = {isa = PBXFileReference; lastKnownFileType = sourcecode.swift; path = ViewController.swift; sourceTree = "<group>"; };
		9993E1711A634EA200FA5954 /* Base */ = {isa = PBXFileReference; lastKnownFileType = file.storyboard; name = Base; path = Base.lproj/Main.storyboard; sourceTree = "<group>"; };
		9993E1731A634EA200FA5954 /* Images.xcassets */ = {isa = PBXFileReference; lastKnownFileType = folder.assetcatalog; path = Images.xcassets; sourceTree = "<group>"; };
		9993E1761A634EA200FA5954 /* Base */ = {isa = PBXFileReference; lastKnownFileType = file.xib; name = Base; path = Base.lproj/LaunchScreen.xib; sourceTree = "<group>"; };
		9993E17C1A634EA200FA5954 /* SimpleMQTTClientMobileGUITests.xctest */ = {isa = PBXFileReference; explicitFileType = wrapper.cfbundle; includeInIndex = 0; path = SimpleMQTTClientMobileGUITests.xctest; sourceTree = BUILT_PRODUCTS_DIR; };
		9993E1811A634EA200FA5954 /* Info.plist */ = {isa = PBXFileReference; lastKnownFileType = text.plist.xml; path = Info.plist; sourceTree = "<group>"; };
		9993E1821A634EA200FA5954 /* SimpleMQTTClientMobileGUITests.swift */ = {isa = PBXFileReference; lastKnownFileType = sourcecode.swift; path = SimpleMQTTClientMobileGUITests.swift; sourceTree = "<group>"; };
		999F533F1A6D7D5C00E6E086 /* SimpleMQTTClient.framework */ = {isa = PBXFileReference; lastKnownFileType = wrapper.framework; name = SimpleMQTTClient.framework; path = "../../DerivedData/Build/Products/Debug-iphonesimulator/SimpleMQTTClient.framework"; sourceTree = "<group>"; };
/* End PBXFileReference section */

/* Begin PBXFrameworksBuildPhase section */
		9993E1641A634EA200FA5954 /* Frameworks */ = {
			isa = PBXFrameworksBuildPhase;
			buildActionMask = 2147483647;
			files = (
				999F53401A6D7D5C00E6E086 /* SimpleMQTTClient.framework in Frameworks */,
			);
			runOnlyForDeploymentPostprocessing = 0;
		};
		9993E1791A634EA200FA5954 /* Frameworks */ = {
			isa = PBXFrameworksBuildPhase;
			buildActionMask = 2147483647;
			files = (
			);
			runOnlyForDeploymentPostprocessing = 0;
		};
/* End PBXFrameworksBuildPhase section */

/* Begin PBXGroup section */
		9993E15E1A634EA200FA5954 = {
			isa = PBXGroup;
			children = (
				999F533F1A6D7D5C00E6E086 /* SimpleMQTTClient.framework */,
				9993E1691A634EA200FA5954 /* SimpleMQTTClientMobileGUI */,
				9993E17F1A634EA200FA5954 /* SimpleMQTTClientMobileGUITests */,
				9993E1681A634EA200FA5954 /* Products */,
			);
			sourceTree = "<group>";
		};
		9993E1681A634EA200FA5954 /* Products */ = {
			isa = PBXGroup;
			children = (
				9993E1671A634EA200FA5954 /* SimpleMQTTClientMobileGUI.app */,
				9993E17C1A634EA200FA5954 /* SimpleMQTTClientMobileGUITests.xctest */,
			);
			name = Products;
			sourceTree = "<group>";
		};
		9993E1691A634EA200FA5954 /* SimpleMQTTClientMobileGUI */ = {
			isa = PBXGroup;
			children = (
				9993E16C1A634EA200FA5954 /* AppDelegate.swift */,
				9993E16E1A634EA200FA5954 /* ViewController.swift */,
				9993E1701A634EA200FA5954 /* Main.storyboard */,
				9993E1731A634EA200FA5954 /* Images.xcassets */,
				9993E1751A634EA200FA5954 /* LaunchScreen.xib */,
				9993E16A1A634EA200FA5954 /* Supporting Files */,
			);
			path = SimpleMQTTClientMobileGUI;
			sourceTree = "<group>";
		};
		9993E16A1A634EA200FA5954 /* Supporting Files */ = {
			isa = PBXGroup;
			children = (
				9993E16B1A634EA200FA5954 /* Info.plist */,
			);
			name = "Supporting Files";
			sourceTree = "<group>";
		};
		9993E17F1A634EA200FA5954 /* SimpleMQTTClientMobileGUITests */ = {
			isa = PBXGroup;
			children = (
				9993E1821A634EA200FA5954 /* SimpleMQTTClientMobileGUITests.swift */,
				9993E1801A634EA200FA5954 /* Supporting Files */,
			);
			path = SimpleMQTTClientMobileGUITests;
			sourceTree = "<group>";
		};
		9993E1801A634EA200FA5954 /* Supporting Files */ = {
			isa = PBXGroup;
			children = (
				9993E1811A634EA200FA5954 /* Info.plist */,
			);
			name = "Supporting Files";
			sourceTree = "<group>";
		};
/* End PBXGroup section */

/* Begin PBXNativeTarget section */
		9993E1661A634EA200FA5954 /* SimpleMQTTClientMobileGUI */ = {
			isa = PBXNativeTarget;
			buildConfigurationList = 9993E1861A634EA200FA5954 /* Build configuration list for PBXNativeTarget "SimpleMQTTClientMobileGUI" */;
			buildPhases = (
				9993E1631A634EA200FA5954 /* Sources */,
				9993E1641A634EA200FA5954 /* Frameworks */,
				9993E1651A634EA200FA5954 /* Resources */,
			);
			buildRules = (
			);
			dependencies = (
			);
			name = SimpleMQTTClientMobileGUI;
			productName = SimpleMQTTClientMobileGUI;
			productReference = 9993E1671A634EA200FA5954 /* SimpleMQTTClientMobileGUI.app */;
			productType = "com.apple.product-type.application";
		};
		9993E17B1A634EA200FA5954 /* SimpleMQTTClientMobileGUITests */ = {
			isa = PBXNativeTarget;
			buildConfigurationList = 9993E1891A634EA200FA5954 /* Build configuration list for PBXNativeTarget "SimpleMQTTClientMobileGUITests" */;
			buildPhases = (
				9993E1781A634EA200FA5954 /* Sources */,
				9993E1791A634EA200FA5954 /* Frameworks */,
				9993E17A1A634EA200FA5954 /* Resources */,
			);
			buildRules = (
			);
			dependencies = (
				9993E17E1A634EA200FA5954 /* PBXTargetDependency */,
			);
			name = SimpleMQTTClientMobileGUITests;
			productName = SimpleMQTTClientMobileGUITests;
			productReference = 9993E17C1A634EA200FA5954 /* SimpleMQTTClientMobileGUITests.xctest */;
			productType = "com.apple.product-type.bundle.unit-test";
		};
/* End PBXNativeTarget section */

/* Begin PBXProject section */
		9993E15F1A634EA200FA5954 /* Project object */ = {
			isa = PBXProject;
			attributes = {
				LastUpgradeCheck = 0610;
				ORGANIZATIONNAME = "Gianluca Venturini";
				TargetAttributes = {
					9993E1661A634EA200FA5954 = {
						CreatedOnToolsVersion = 6.1.1;
						DevelopmentTeam = F554V774C5;
					};
					9993E17B1A634EA200FA5954 = {
						CreatedOnToolsVersion = 6.1.1;
						TestTargetID = 9993E1661A634EA200FA5954;
					};
				};
			};
			buildConfigurationList = 9993E1621A634EA200FA5954 /* Build configuration list for PBXProject "SimpleMQTTClientMobileGUI" */;
			compatibilityVersion = "Xcode 3.2";
			developmentRegion = English;
			hasScannedForEncodings = 0;
			knownRegions = (
				en,
				Base,
			);
			mainGroup = 9993E15E1A634EA200FA5954;
			productRefGroup = 9993E1681A634EA200FA5954 /* Products */;
			projectDirPath = "";
			projectRoot = "";
			targets = (
				9993E1661A634EA200FA5954 /* SimpleMQTTClientMobileGUI */,
				9993E17B1A634EA200FA5954 /* SimpleMQTTClientMobileGUITests */,
			);
		};
/* End PBXProject section */

/* Begin PBXResourcesBuildPhase section */
		9993E1651A634EA200FA5954 /* Resources */ = {
			isa = PBXResourcesBuildPhase;
			buildActionMask = 2147483647;
			files = (
				9993E1721A634EA200FA5954 /* Main.storyboard in Resources */,
				9993E1771A634EA200FA5954 /* LaunchScreen.xib in Resources */,
				9993E1741A634EA200FA5954 /* Images.xcassets in Resources */,
			);
			runOnlyForDeploymentPostprocessing = 0;
		};
		9993E17A1A634EA200FA5954 /* Resources */ = {
			isa = PBXResourcesBuildPhase;
			buildActionMask = 2147483647;
			files = (
			);
			runOnlyForDeploymentPostprocessing = 0;
		};
/* End PBXResourcesBuildPhase section */

/* Begin PBXSourcesBuildPhase section */
		9993E1631A634EA200FA5954 /* Sources */ = {
			isa = PBXSourcesBuildPhase;
			buildActionMask = 2147483647;
			files = (
				9993E16F1A634EA200FA5954 /* ViewController.swift in Sources */,
				9993E16D1A634EA200FA5954 /* AppDelegate.swift in Sources */,
			);
			runOnlyForDeploymentPostprocessing = 0;
		};
		9993E1781A634EA200FA5954 /* Sources */ = {
			isa = PBXSourcesBuildPhase;
			buildActionMask = 2147483647;
			files = (
				9993E1831A634EA200FA5954 /* SimpleMQTTClientMobileGUITests.swift in Sources */,
			);
			runOnlyForDeploymentPostprocessing = 0;
		};
/* End PBXSourcesBuildPhase section */

/* Begin PBXTargetDependency section */
		9993E17E1A634EA200FA5954 /* PBXTargetDependency */ = {
			isa = PBXTargetDependency;
			target = 9993E1661A634EA200FA5954 /* SimpleMQTTClientMobileGUI */;
			targetProxy = 9993E17D1A634EA200FA5954 /* PBXContainerItemProxy */;
		};
/* End PBXTargetDependency section */

/* Begin PBXVariantGroup section */
		9993E1701A634EA200FA5954 /* Main.storyboard */ = {
			isa = PBXVariantGroup;
			children = (
				9993E1711A634EA200FA5954 /* Base */,
			);
			name = Main.storyboard;
			sourceTree = "<group>";
		};
		9993E1751A634EA200FA5954 /* LaunchScreen.xib */ = {
			isa = PBXVariantGroup;
			children = (
				9993E1761A634EA200FA5954 /* Base */,
			);
			name = LaunchScreen.xib;
			sourceTree = "<group>";
		};
/* End PBXVariantGroup section */

/* Begin XCBuildConfiguration section */
		9993E1841A634EA200FA5954 /* Debug */ = {
			isa = XCBuildConfiguration;
			buildSettings = {
				ALWAYS_SEARCH_USER_PATHS = NO;
				CLANG_CXX_LANGUAGE_STANDARD = "gnu++0x";
				CLANG_CXX_LIBRARY = "libc++";
				CLANG_ENABLE_MODULES = YES;
				CLANG_ENABLE_OBJC_ARC = YES;
				CLANG_WARN_BOOL_CONVERSION = YES;
				CLANG_WARN_CONSTANT_CONVERSION = YES;
				CLANG_WARN_DIRECT_OBJC_ISA_USAGE = YES_ERROR;
				CLANG_WARN_EMPTY_BODY = YES;
				CLANG_WARN_ENUM_CONVERSION = YES;
				CLANG_WARN_INT_CONVERSION = YES;
				CLANG_WARN_OBJC_ROOT_CLASS = YES_ERROR;
				CLANG_WARN_UNREACHABLE_CODE = YES;
				CLANG_WARN__DUPLICATE_METHOD_MATCH = YES;
				"CODE_SIGN_IDENTITY[sdk=iphoneos*]" = "iPhone Developer";
				COPY_PHASE_STRIP = NO;
				ENABLE_STRICT_OBJC_MSGSEND = YES;
				GCC_C_LANGUAGE_STANDARD = gnu99;
				GCC_DYNAMIC_NO_PIC = NO;
				GCC_OPTIMIZATION_LEVEL = 0;
				GCC_PREPROCESSOR_DEFINITIONS = (
					"DEBUG=1",
					"$(inherited)",
				);
				GCC_SYMBOLS_PRIVATE_EXTERN = NO;
				GCC_WARN_64_TO_32_BIT_CONVERSION = YES;
				GCC_WARN_ABOUT_RETURN_TYPE = YES_ERROR;
				GCC_WARN_UNDECLARED_SELECTOR = YES;
				GCC_WARN_UNINITIALIZED_AUTOS = YES_AGGRESSIVE;
				GCC_WARN_UNUSED_FUNCTION = YES;
				GCC_WARN_UNUSED_VARIABLE = YES;
				IPHONEOS_DEPLOYMENT_TARGET = 8.1;
				MTL_ENABLE_DEBUG_INFO = YES;
				ONLY_ACTIVE_ARCH = YES;
				SDKROOT = iphoneos;
				SWIFT_OPTIMIZATION_LEVEL = "-Onone";
				TARGETED_DEVICE_FAMILY = "1,2";
			};
			name = Debug;
		};
		9993E1851A634EA200FA5954 /* Release */ = {
			isa = XCBuildConfiguration;
			buildSettings = {
				ALWAYS_SEARCH_USER_PATHS = NO;
				CLANG_CXX_LANGUAGE_STANDARD = "gnu++0x";
				CLANG_CXX_LIBRARY = "libc++";
				CLANG_ENABLE_MODULES = YES;
				CLANG_ENABLE_OBJC_ARC = YES;
				CLANG_WARN_BOOL_CONVERSION = YES;
				CLANG_WARN_CONSTANT_CONVERSION = YES;
				CLANG_WARN_DIRECT_OBJC_ISA_USAGE = YES_ERROR;
				CLANG_WARN_EMPTY_BODY = YES;
				CLANG_WARN_ENUM_CONVERSION = YES;
				CLANG_WARN_INT_CONVERSION = YES;
				CLANG_WARN_OBJC_ROOT_CLASS = YES_ERROR;
				CLANG_WARN_UNREACHABLE_CODE = YES;
				CLANG_WARN__DUPLICATE_METHOD_MATCH = YES;
				"CODE_SIGN_IDENTITY[sdk=iphoneos*]" = "iPhone Developer";
				COPY_PHASE_STRIP = YES;
				ENABLE_NS_ASSERTIONS = NO;
				ENABLE_STRICT_OBJC_MSGSEND = YES;
				GCC_C_LANGUAGE_STANDARD = gnu99;
				GCC_WARN_64_TO_32_BIT_CONVERSION = YES;
				GCC_WARN_ABOUT_RETURN_TYPE = YES_ERROR;
				GCC_WARN_UNDECLARED_SELECTOR = YES;
				GCC_WARN_UNINITIALIZED_AUTOS = YES_AGGRESSIVE;
				GCC_WARN_UNUSED_FUNCTION = YES;
				GCC_WARN_UNUSED_VARIABLE = YES;
				IPHONEOS_DEPLOYMENT_TARGET = 8.1;
				MTL_ENABLE_DEBUG_INFO = NO;
				SDKROOT = iphoneos;
				TARGETED_DEVICE_FAMILY = "1,2";
				VALIDATE_PRODUCT = YES;
			};
			name = Release;
		};
		9993E1871A634EA200FA5954 /* Debug */ = {
			isa = XCBuildConfiguration;
			buildSettings = {
				ASSETCATALOG_COMPILER_APPICON_NAME = AppIcon;
				CODE_SIGN_IDENTITY = "iPhone Developer";
				FRAMEWORK_SEARCH_PATHS = (
					"$(inherited)",
					"/Users/gianluca/Developer/simple-swift-mqtt-client/DerivedData/Build/Products/Debug-iphonesimulator",
				);
				INFOPLIST_FILE = SimpleMQTTClientMobileGUI/Info.plist;
				LD_RUNPATH_SEARCH_PATHS = "$(inherited) @executable_path/Frameworks";
				PRODUCT_NAME = "$(TARGET_NAME)";
			};
			name = Debug;
		};
		9993E1881A634EA200FA5954 /* Release */ = {
			isa = XCBuildConfiguration;
			buildSettings = {
				ASSETCATALOG_COMPILER_APPICON_NAME = AppIcon;
				CODE_SIGN_IDENTITY = "iPhone Developer";
				FRAMEWORK_SEARCH_PATHS = (
					"$(inherited)",
					"/Users/gianluca/Developer/simple-swift-mqtt-client/DerivedData/Build/Products/Debug-iphonesimulator",
				);
				INFOPLIST_FILE = SimpleMQTTClientMobileGUI/Info.plist;
				LD_RUNPATH_SEARCH_PATHS = "$(inherited) @executable_path/Frameworks";
				PRODUCT_NAME = "$(TARGET_NAME)";
			};
			name = Release;
		};
		9993E18A1A634EA200FA5954 /* Debug */ = {
			isa = XCBuildConfiguration;
			buildSettings = {
				BUNDLE_LOADER = "$(TEST_HOST)";
				FRAMEWORK_SEARCH_PATHS = (
					"$(SDKROOT)/Developer/Library/Frameworks",
					"$(inherited)",
				);
				GCC_PREPROCESSOR_DEFINITIONS = (
					"DEBUG=1",
					"$(inherited)",
				);
				INFOPLIST_FILE = SimpleMQTTClientMobileGUITests/Info.plist;
				LD_RUNPATH_SEARCH_PATHS = "$(inherited) @executable_path/Frameworks @loader_path/Frameworks";
				PRODUCT_NAME = "$(TARGET_NAME)";
				TEST_HOST = "$(BUILT_PRODUCTS_DIR)/SimpleMQTTClientMobileGUI.app/SimpleMQTTClientMobileGUI";
			};
			name = Debug;
		};
		9993E18B1A634EA200FA5954 /* Release */ = {
			isa = XCBuildConfiguration;
			buildSettings = {
				BUNDLE_LOADER = "$(TEST_HOST)";
				FRAMEWORK_SEARCH_PATHS = (
					"$(SDKROOT)/Developer/Library/Frameworks",
					"$(inherited)",
				);
				INFOPLIST_FILE = SimpleMQTTClientMobileGUITests/Info.plist;
				LD_RUNPATH_SEARCH_PATHS = "$(inherited) @executable_path/Frameworks @loader_path/Frameworks";
				PRODUCT_NAME = "$(TARGET_NAME)";
				TEST_HOST = "$(BUILT_PRODUCTS_DIR)/SimpleMQTTClientMobileGUI.app/SimpleMQTTClientMobileGUI";
			};
			name = Release;
		};
/* End XCBuildConfiguration section */

/* Begin XCConfigurationList section */
		9993E1621A634EA200FA5954 /* Build configuration list for PBXProject "SimpleMQTTClientMobileGUI" */ = {
			isa = XCConfigurationList;
			buildConfigurations = (
				9993E1841A634EA200FA5954 /* Debug */,
				9993E1851A634EA200FA5954 /* Release */,
			);
			defaultConfigurationIsVisible = 0;
			defaultConfigurationName = Release;
		};
		9993E1861A634EA200FA5954 /* Build configuration list for PBXNativeTarget "SimpleMQTTClientMobileGUI" */ = {
			isa = XCConfigurationList;
			buildConfigurations = (
				9993E1871A634EA200FA5954 /* Debug */,
				9993E1881A634EA200FA5954 /* Release */,
			);
			defaultConfigurationIsVisible = 0;
			defaultConfigurationName = Release;
		};
		9993E1891A634EA200FA5954 /* Build configuration list for PBXNativeTarget "SimpleMQTTClientMobileGUITests" */ = {
			isa = XCConfigurationList;
			buildConfigurations = (
				9993E18A1A634EA200FA5954 /* Debug */,
				9993E18B1A634EA200FA5954 /* Release */,
			);
			defaultConfigurationIsVisible = 0;
			defaultConfigurationName = Release;
		};
/* End XCConfigurationList section */
	};
	rootObject = 9993E15F1A634EA200FA5954 /* Project object */;
}
